
Microsoft Visual Studio Solution File, Format Version 12.00
# Visual Studio Version 17
VisualStudioVersion = 17.9.34622.214
MinimumVisualStudioVersion = 10.0.40219.1
Project("{FAE04EC0-301F-11D3-BF4B-00C04F79EFBC}") = "UKK Kelas 12 RPL", "UKK Kelas 12 RPL\UKK Kelas 12 RPL.csproj", "{C221449C-4AD2-4E85-825F-F0FCF1E22494}"
EndProject
Global
	GlobalSection(SolutionConfigurationPlatforms) = preSolution
		Debug|Any CPU = Debug|Any CPU
		Release|Any CPU = Release|Any CPU
	EndGlobalSection
	GlobalSection(ProjectConfigurationPlatforms) = postSolution
		{C221449C-4AD2-4E85-825F-F0FCF1E22494}.Debug|Any CPU.ActiveCfg = Debug|Any CPU
		{C221449C-4AD2-4E85-825F-F0FCF1E22494}.Debug|Any CPU.Build.0 = Debug|Any CPU
		{C221449C-4AD2-4E85-825F-F0FCF1E22494}.Release|Any CPU.ActiveCfg = Release|Any CPU
		{C221449C-4AD2-4E85-825F-F0FCF1E22494}.Release|Any CPU.Build.0 = Release|Any CPU
	EndGlobalSection
	GlobalSection(SolutionProperties) = preSolution
		HideSolutionNode = FALSE
	EndGlobalSection
	GlobalSection(ExtensibilityGlobals) = postSolution
		SolutionGuid = {238D6065-AE2A-4AC2-9703-E44D4A02B7F0}
	EndGlobalSection
EndGlobal
